
Microsoft Visual Studio Solution File, Format Version 12.00
# Visual Studio Version 16
VisualStudioVersion = 16.0.33529.622
MinimumVisualStudioVersion = 10.0.40219.1
Project("{FAE04EC0-301F-11D3-BF4B-00C04F79EFBC}") = "dz_18.04", "dz_18.04\dz_18.04.csproj", "{42678219-409F-4284-AAC8-0006EDEAEBA5}"
EndProject
Global
	GlobalSection(SolutionConfigurationPlatforms) = preSolution
		Debug|Any CPU = Debug|Any CPU
		Release|Any CPU = Release|Any CPU
	EndGlobalSection
	GlobalSection(ProjectConfigurationPlatforms) = postSolution
		{42678219-409F-4284-AAC8-0006EDEAEBA5}.Debug|Any CPU.ActiveCfg = Debug|Any CPU
		{42678219-409F-4284-AAC8-0006EDEAEBA5}.Debug|Any CPU.Build.0 = Debug|Any CPU
		{42678219-409F-4284-AAC8-0006EDEAEBA5}.Release|Any CPU.ActiveCfg = Release|Any CPU
		{42678219-409F-4284-AAC8-0006EDEAEBA5}.Release|Any CPU.Build.0 = Release|Any CPU
	EndGlobalSection
	GlobalSection(SolutionProperties) = preSolution
		HideSolutionNode = FALSE
	EndGlobalSection
	GlobalSection(ExtensibilityGlobals) = postSolution
		SolutionGuid = {89302196-5142-4A5C-9DA1-73D54823B74F}
	EndGlobalSection
EndGlobal
